
Microsoft Visual Studio Solution File, Format Version 12.00
# Visual Studio Version 17
VisualStudioVersion = 17.6.33723.286
MinimumVisualStudioVersion = 10.0.40219.1
Project("{FAE04EC0-301F-11D3-BF4B-00C04F79EFBC}") = "LeetCodeDailyConsoleApp", "LeetCodeDailyConsoleApp\LeetCodeDailyConsoleApp.csproj", "{63163130-CF7E-427B-B3A2-AEA12AABDCCD}"
EndProject
Global
	GlobalSection(SolutionConfigurationPlatforms) = preSolution
		Debug|Any CPU = Debug|Any CPU
		Release|Any CPU = Release|Any CPU
	EndGlobalSection
	GlobalSection(ProjectConfigurationPlatforms) = postSolution
		{63163130-CF7E-427B-B3A2-AEA12AABDCCD}.Debug|Any CPU.ActiveCfg = Debug|Any CPU
		{63163130-CF7E-427B-B3A2-AEA12AABDCCD}.Debug|Any CPU.Build.0 = Debug|Any CPU
		{63163130-CF7E-427B-B3A2-AEA12AABDCCD}.Release|Any CPU.ActiveCfg = Release|Any CPU
		{63163130-CF7E-427B-B3A2-AEA12AABDCCD}.Release|Any CPU.Build.0 = Release|Any CPU
	EndGlobalSection
	GlobalSection(SolutionProperties) = preSolution
		HideSolutionNode = FALSE
	EndGlobalSection
	GlobalSection(ExtensibilityGlobals) = postSolution
		SolutionGuid = {1A9C51D1-3CA7-4BD2-89D1-9629AB1A9AEF}
	EndGlobalSection
EndGlobal
